
Microsoft Visual Studio Solution File, Format Version 12.00
# Visual Studio Version 17
VisualStudioVersion = 17.8.34525.116
MinimumVisualStudioVersion = 10.0.40219.1
Project("{9A19103F-16F7-4668-BE54-9A1E7A4F7556}") = "OceanTech", "OceanTech\OceanTech.csproj", "{7FBB3893-F915-4F3F-89A5-91F4C4516AE9}"
EndProject
Project("{FAE04EC0-301F-11D3-BF4B-00C04F79EFBC}") = "OceanTech.Domain", "OceanTech.Domain\OceanTech.Domain.csproj", "{A2B988D1-D17E-4054-8E35-4F68E48089D9}"
EndProject
Global
	GlobalSection(SolutionConfigurationPlatforms) = preSolution
		Debug|Any CPU = Debug|Any CPU
		Release|Any CPU = Release|Any CPU
	EndGlobalSection
	GlobalSection(ProjectConfigurationPlatforms) = postSolution
		{7FBB3893-F915-4F3F-89A5-91F4C4516AE9}.Debug|Any CPU.ActiveCfg = Debug|Any CPU
		{7FBB3893-F915-4F3F-89A5-91F4C4516AE9}.Debug|Any CPU.Build.0 = Debug|Any CPU
		{7FBB3893-F915-4F3F-89A5-91F4C4516AE9}.Release|Any CPU.ActiveCfg = Release|Any CPU
		{7FBB3893-F915-4F3F-89A5-91F4C4516AE9}.Release|Any CPU.Build.0 = Release|Any CPU
		{A2B988D1-D17E-4054-8E35-4F68E48089D9}.Debug|Any CPU.ActiveCfg = Debug|Any CPU
		{A2B988D1-D17E-4054-8E35-4F68E48089D9}.Debug|Any CPU.Build.0 = Debug|Any CPU
		{A2B988D1-D17E-4054-8E35-4F68E48089D9}.Release|Any CPU.ActiveCfg = Release|Any CPU
		{A2B988D1-D17E-4054-8E35-4F68E48089D9}.Release|Any CPU.Build.0 = Release|Any CPU
	EndGlobalSection
	GlobalSection(SolutionProperties) = preSolution
		HideSolutionNode = FALSE
	EndGlobalSection
	GlobalSection(ExtensibilityGlobals) = postSolution
		SolutionGuid = {01DABD4E-D9D6-4A1C-B680-181A667AC8A4}
	EndGlobalSection
EndGlobal
